// !$*UTF8*$!
{
	archiveVersion = 1;
	classes = {
	};
	objectVersion = 56;
	objects = {

/* Begin PBXBuildFile section */
		93042C5C2C3623B400DECA12 /* Constants.swift in Sources */ = {isa = PBXBuildFile; fileRef = 93042C5B2C3623B400DECA12 /* Constants.swift */; };
		93042C642C3626B100DECA12 /* Artists.swift in Sources */ = {isa = PBXBuildFile; fileRef = 93042C632C3626B100DECA12 /* Artists.swift */; };
		930547EC2D093229009388C1 /* PickNameView.swift in Sources */ = {isa = PBXBuildFile; fileRef = 930547EB2D093229009388C1 /* PickNameView.swift */; };
		931020432C3EDDF900710E55 /* PropertyExample.swift in Sources */ = {isa = PBXBuildFile; fileRef = 931020422C3EDDF900710E55 /* PropertyExample.swift */; };
		931020462C3EE30D00710E55 /* InitializerExample.swift in Sources */ = {isa = PBXBuildFile; fileRef = 931020452C3EE30D00710E55 /* InitializerExample.swift */; };
		9311D4A72D0BF77C00FAF846 /* Scoreboard.swift in Sources */ = {isa = PBXBuildFile; fileRef = 9311D4A62D0BF77C00FAF846 /* Scoreboard.swift */; };
		9311D4A92D0BF82700FAF846 /* Player.swift in Sources */ = {isa = PBXBuildFile; fileRef = 9311D4A82D0BF82700FAF846 /* Player.swift */; };
		9311D4AB2D0BF84E00FAF846 /* ScoreboardView.swift in Sources */ = {isa = PBXBuildFile; fileRef = 9311D4AA2D0BF84E00FAF846 /* ScoreboardView.swift */; };
		9311D4AD2D0BF90700FAF846 /* GameState.swift in Sources */ = {isa = PBXBuildFile; fileRef = 9311D4AC2D0BF90700FAF846 /* GameState.swift */; };
		9311D4B02D0BFE3600FAF846 /* ScoreKeeperTests.swift in Sources */ = {isa = PBXBuildFile; fileRef = 9311D4AF2D0BFE3600FAF846 /* ScoreKeeperTests.swift */; };
		9311D4B22D0BFECF00FAF846 /* SettingView.swift in Sources */ = {isa = PBXBuildFile; fileRef = 9311D4B12D0BFECF00FAF846 /* SettingView.swift */; };
		932EE2272C4C1A50007B73B8 /* Common.swift in Sources */ = {isa = PBXBuildFile; fileRef = 932EE2262C4C1A50007B73B8 /* Common.swift */; };
		933366E62C45C8E600EAC4B8 /* UserDefaultsManager.swift in Sources */ = {isa = PBXBuildFile; fileRef = 933366E52C45C8E600EAC4B8 /* UserDefaultsManager.swift */; };
		933366E92C45CA4B00EAC4B8 /* CoreData.swift in Sources */ = {isa = PBXBuildFile; fileRef = 933366E82C45CA4B00EAC4B8 /* CoreData.swift */; };
		933D73FB2D09CC1F00F6B303 /* CGRectContainsView.swift in Sources */ = {isa = PBXBuildFile; fileRef = 933D73FA2D09CC1F00F6B303 /* CGRectContainsView.swift */; };
		934A9E672C35C542004F3581 /* ItunesHomeView.swift in Sources */ = {isa = PBXBuildFile; fileRef = 934A9E662C35C542004F3581 /* ItunesHomeView.swift */; };
		934A9E692C35C585004F3581 /* ItunesViewModel.swift in Sources */ = {isa = PBXBuildFile; fileRef = 934A9E682C35C585004F3581 /* ItunesViewModel.swift */; };
		9368E1262D07F15E006B7AD0 /* PushNotificationView.swift in Sources */ = {isa = PBXBuildFile; fileRef = 9368E1252D07F15E006B7AD0 /* PushNotificationView.swift */; };
		936B41382D4B542300C6F301 /* NFCView.swift in Sources */ = {isa = PBXBuildFile; fileRef = 936B41372D4B542300C6F301 /* NFCView.swift */; };
		936B413B2D4BE30600C6F301 /* GraphQLAPIManager.swift in Sources */ = {isa = PBXBuildFile; fileRef = 936B413A2D4BE30600C6F301 /* GraphQLAPIManager.swift */; };
		936B413D2D4BE36800C6F301 /* GraphQLUser.swift in Sources */ = {isa = PBXBuildFile; fileRef = 936B413C2D4BE36800C6F301 /* GraphQLUser.swift */; };
		936B413F2D4BE39400C6F301 /* GraphQLUserViewModel.swift in Sources */ = {isa = PBXBuildFile; fileRef = 936B413E2D4BE39400C6F301 /* GraphQLUserViewModel.swift */; };
		936B41412D4BE61600C6F301 /* GraphQLUserListView.swift in Sources */ = {isa = PBXBuildFile; fileRef = 936B41402D4BE61600C6F301 /* GraphQLUserListView.swift */; };
		936B41442D4BEB7C00C6F301 /* GraphQLItem.swift in Sources */ = {isa = PBXBuildFile; fileRef = 936B41432D4BEB7C00C6F301 /* GraphQLItem.swift */; };
		936B41462D4BEB9B00C6F301 /* GraphQLClient.swift in Sources */ = {isa = PBXBuildFile; fileRef = 936B41452D4BEB9B00C6F301 /* GraphQLClient.swift */; };
		936B41482D4BEBD600C6F301 /* GraphQLResponses.swift in Sources */ = {isa = PBXBuildFile; fileRef = 936B41472D4BEBD600C6F301 /* GraphQLResponses.swift */; };
		936B414A2D4BEC2200C6F301 /* GraphQLItemsView.swift in Sources */ = {isa = PBXBuildFile; fileRef = 936B41492D4BEC2200C6F301 /* GraphQLItemsView.swift */; };
		936B414C2D4BEC4F00C6F301 /* GraphQLItemsViewModel.swift in Sources */ = {isa = PBXBuildFile; fileRef = 936B414B2D4BEC4F00C6F301 /* GraphQLItemsViewModel.swift */; };
		936B414E2D4BF0C500C6F301 /* GraphQLAddItemView.swift in Sources */ = {isa = PBXBuildFile; fileRef = 936B414D2D4BF0C500C6F301 /* GraphQLAddItemView.swift */; };
		936FDE3E2D30CB6A0061DB02 /* SearchView.swift in Sources */ = {isa = PBXBuildFile; fileRef = 936FDE3D2D30CB6A0061DB02 /* SearchView.swift */; };
		937C67482C3C3E3B0046A5F2 /* MusicListView.swift in Sources */ = {isa = PBXBuildFile; fileRef = 937C67472C3C3E3B0046A5F2 /* MusicListView.swift */; };
		937C674B2C3C44BA0046A5F2 /* DubizzleHomeView.swift in Sources */ = {isa = PBXBuildFile; fileRef = 937C674A2C3C44BA0046A5F2 /* DubizzleHomeView.swift */; };
		937C674D2C3C45070046A5F2 /* DubizzleHomeTabView.swift in Sources */ = {isa = PBXBuildFile; fileRef = 937C674C2C3C45070046A5F2 /* DubizzleHomeTabView.swift */; };
		937C67512C3C54250046A5F2 /* DubizzleData.swift in Sources */ = {isa = PBXBuildFile; fileRef = 937C67502C3C54250046A5F2 /* DubizzleData.swift */; };
		937C67532C3C72A70046A5F2 /* DubizzleLoginView.swift in Sources */ = {isa = PBXBuildFile; fileRef = 937C67522C3C72A70046A5F2 /* DubizzleLoginView.swift */; };
		938990952C3D031F00DC2356 /* APIManager.swift in Sources */ = {isa = PBXBuildFile; fileRef = 938990942C3D031F00DC2356 /* APIManager.swift */; };
		9389909B2C3D0CCF00DC2356 /* Extensions.swift in Sources */ = {isa = PBXBuildFile; fileRef = 9389909A2C3D0CCF00DC2356 /* Extensions.swift */; };
		9391FA362D17303A0022701A /* ToDoListView.swift in Sources */ = {isa = PBXBuildFile; fileRef = 9391FA352D17303A0022701A /* ToDoListView.swift */; };
		9391FA382D17305D0022701A /* ToDoItem.swift in Sources */ = {isa = PBXBuildFile; fileRef = 9391FA372D17305D0022701A /* ToDoItem.swift */; };
		9391FA3A2D17311A0022701A /* ToDoDetail.swift in Sources */ = {isa = PBXBuildFile; fileRef = 9391FA392D17311A0022701A /* ToDoDetail.swift */; };
		93926F3E2C2F6BC900DB3D4E /* Item.swift in Sources */ = {isa = PBXBuildFile; fileRef = 93926F3D2C2F6BC900DB3D4E /* Item.swift */; };
		93926F422C2F6C2900DB3D4E /* ItemViewModel.swift in Sources */ = {isa = PBXBuildFile; fileRef = 93926F412C2F6C2900DB3D4E /* ItemViewModel.swift */; };
		93926F442C2F6C7300DB3D4E /* ItemTableView.swift in Sources */ = {isa = PBXBuildFile; fileRef = 93926F432C2F6C7300DB3D4E /* ItemTableView.swift */; };
		939363622C3D815A00FEAD28 /* NewsViewModel.swift in Sources */ = {isa = PBXBuildFile; fileRef = 939363612C3D815A00FEAD28 /* NewsViewModel.swift */; };
		939363642C3D817100FEAD28 /* NewsAPIManager.swift in Sources */ = {isa = PBXBuildFile; fileRef = 939363632C3D817100FEAD28 /* NewsAPIManager.swift */; };
		939363662C3D81A000FEAD28 /* NewsListView.swift in Sources */ = {isa = PBXBuildFile; fileRef = 939363652C3D81A000FEAD28 /* NewsListView.swift */; };
		939363682C3D81B500FEAD28 /* NewsModel.swift in Sources */ = {isa = PBXBuildFile; fileRef = 939363672C3D81B500FEAD28 /* NewsModel.swift */; };
		9393636A2C3D81C700FEAD28 /* NewsConstants.swift in Sources */ = {isa = PBXBuildFile; fileRef = 939363692C3D81C700FEAD28 /* NewsConstants.swift */; };
		9393636E2C3DC0A000FEAD28 /* DubizzleRegisterView.swift in Sources */ = {isa = PBXBuildFile; fileRef = 9393636D2C3DC0A000FEAD28 /* DubizzleRegisterView.swift */; };
		939363702C3DC19500FEAD28 /* DubizzleRegisterViewModel.swift in Sources */ = {isa = PBXBuildFile; fileRef = 9393636F2C3DC19500FEAD28 /* DubizzleRegisterViewModel.swift */; };
		939363722C3DC35200FEAD28 /* DubizzleUserInfoView.swift in Sources */ = {isa = PBXBuildFile; fileRef = 939363712C3DC35200FEAD28 /* DubizzleUserInfoView.swift */; };
		93987CE02C480C5B005ECAB8 /* KeychainLoginView.swift in Sources */ = {isa = PBXBuildFile; fileRef = 93987CDF2C480C5B005ECAB8 /* KeychainLoginView.swift */; };
		93987CE22C480CA5005ECAB8 /* KeychainUserInfoView.swift in Sources */ = {isa = PBXBuildFile; fileRef = 93987CE12C480CA5005ECAB8 /* KeychainUserInfoView.swift */; };
		9399EF852C49DDDB00408D40 /* AddPostView.swift in Sources */ = {isa = PBXBuildFile; fileRef = 9399EF842C49DDDB00408D40 /* AddPostView.swift */; };
		9399EF872C49E0D100408D40 /* PostsListView.swift in Sources */ = {isa = PBXBuildFile; fileRef = 9399EF862C49E0D100408D40 /* PostsListView.swift */; };
		9399EF892C49E37900408D40 /* PostViewModel.swift in Sources */ = {isa = PBXBuildFile; fileRef = 9399EF882C49E37900408D40 /* PostViewModel.swift */; };
		9399EF8B2C49E45500408D40 /* PostAPIManager.swift in Sources */ = {isa = PBXBuildFile; fileRef = 9399EF8A2C49E45500408D40 /* PostAPIManager.swift */; };
		9399EF8D2C49E46300408D40 /* PostJsonParser.swift in Sources */ = {isa = PBXBuildFile; fileRef = 9399EF8C2C49E46300408D40 /* PostJsonParser.swift */; };
		9399EF8F2C4A0B2400408D40 /* PostModel.swift in Sources */ = {isa = PBXBuildFile; fileRef = 9399EF8E2C4A0B2400408D40 /* PostModel.swift */; };
		9399EF972C4AC65800408D40 /* PostsAPIManagerTests.swift in Sources */ = {isa = PBXBuildFile; fileRef = 9399EF962C4AC65800408D40 /* PostsAPIManagerTests.swift */; };
		9399EF9E2C4AC6B300408D40 /* MockURLSession.swift in Sources */ = {isa = PBXBuildFile; fileRef = 9399EF9D2C4AC6B300408D40 /* MockURLSession.swift */; };
		9399EFA02C4AC81600408D40 /* URLSessionProtocol.swift in Sources */ = {isa = PBXBuildFile; fileRef = 9399EF9F2C4AC81600408D40 /* URLSessionProtocol.swift */; };
		93ABDFA32C3E147800C38B7C /* KeychainHelper.swift in Sources */ = {isa = PBXBuildFile; fileRef = 93ABDFA22C3E147800C38B7C /* KeychainHelper.swift */; };
		93C2E9CD2C3458900054D23C /* AlertView.swift in Sources */ = {isa = PBXBuildFile; fileRef = 93C2E9CC2C3458900054D23C /* AlertView.swift */; };
		93C2E9D52C345AEE0054D23C /* WebHomeView.swift in Sources */ = {isa = PBXBuildFile; fileRef = 93C2E9D42C345AEE0054D23C /* WebHomeView.swift */; };
		93C2E9D72C3468240054D23C /* WebView.swift in Sources */ = {isa = PBXBuildFile; fileRef = 93C2E9D62C3468240054D23C /* WebView.swift */; };
		93C5297D2D3D8E3E00653EF6 /* CoreDataManager.swift in Sources */ = {isa = PBXBuildFile; fileRef = 93C529772D3D8E3E00653EF6 /* CoreDataManager.swift */; };
		93C5297E2D3D8E3E00653EF6 /* PersistenceController.swift in Sources */ = {isa = PBXBuildFile; fileRef = 93C529782D3D8E3E00653EF6 /* PersistenceController.swift */; };
		93C529812D3D8EEF00653EF6 /* Model.xcdatamodeld in Sources */ = {isa = PBXBuildFile; fileRef = 93C5297F2D3D8EEF00653EF6 /* Model.xcdatamodeld */; };
		93D4D5CA2C3301C8004CE68D /* LoginView.swift in Sources */ = {isa = PBXBuildFile; fileRef = 93D4D5C92C3301C8004CE68D /* LoginView.swift */; };
		93D4D5CD2C331804004CE68D /* TextFieldListView.swift in Sources */ = {isa = PBXBuildFile; fileRef = 93D4D5CC2C331804004CE68D /* TextFieldListView.swift */; };
		93E188802C34CA92001E4137 /* SegmentView.swift in Sources */ = {isa = PBXBuildFile; fileRef = 93E1887F2C34CA92001E4137 /* SegmentView.swift */; };
		93E188872C34D7D9001E4137 /* AsyncImageView.swift in Sources */ = {isa = PBXBuildFile; fileRef = 93E188862C34D7D9001E4137 /* AsyncImageView.swift */; };
		93EA68B92C34433E00D53BEE /* SelectListView.swift in Sources */ = {isa = PBXBuildFile; fileRef = 93EA68B82C34433E00D53BEE /* SelectListView.swift */; };
		93F0C4152C2DF258009907D0 /* SwiftUIWorkspaceApp.swift in Sources */ = {isa = PBXBuildFile; fileRef = 93F0C4142C2DF258009907D0 /* SwiftUIWorkspaceApp.swift */; };
		93F0C4172C2DF258009907D0 /* ContentView.swift in Sources */ = {isa = PBXBuildFile; fileRef = 93F0C4162C2DF258009907D0 /* ContentView.swift */; };
		93F0C4192C2DF259009907D0 /* Assets.xcassets in Resources */ = {isa = PBXBuildFile; fileRef = 93F0C4182C2DF259009907D0 /* Assets.xcassets */; };
		93F0C41C2C2DF259009907D0 /* Preview Assets.xcassets in Resources */ = {isa = PBXBuildFile; fileRef = 93F0C41B2C2DF259009907D0 /* Preview Assets.xcassets */; };
		93F14DE02C41771C0006C692 /* DispatchQueue.swift in Sources */ = {isa = PBXBuildFile; fileRef = 93F14DDF2C41771C0006C692 /* DispatchQueue.swift */; };
		93F14DE22C4178360006C692 /* NSOperationQueue.swift in Sources */ = {isa = PBXBuildFile; fileRef = 93F14DE12C4178360006C692 /* NSOperationQueue.swift */; };
/* End PBXBuildFile section */

/* Begin PBXContainerItemProxy section */
		9399EF982C4AC65800408D40 /* PBXContainerItemProxy */ = {
			isa = PBXContainerItemProxy;
			containerPortal = 93F0C4092C2DF258009907D0 /* Project object */;
			proxyType = 1;
			remoteGlobalIDString = 93F0C4102C2DF258009907D0;
			remoteInfo = SwiftUIWorkspace;
		};
/* End PBXContainerItemProxy section */

/* Begin PBXFileReference section */
		93042C5B2C3623B400DECA12 /* Constants.swift */ = {isa = PBXFileReference; lastKnownFileType = sourcecode.swift; path = Constants.swift; sourceTree = "<group>"; };
		93042C632C3626B100DECA12 /* Artists.swift */ = {isa = PBXFileReference; lastKnownFileType = sourcecode.swift; path = Artists.swift; sourceTree = "<group>"; };
		930547EB2D093229009388C1 /* PickNameView.swift */ = {isa = PBXFileReference; lastKnownFileType = sourcecode.swift; path = PickNameView.swift; sourceTree = "<group>"; };
		931020422C3EDDF900710E55 /* PropertyExample.swift */ = {isa = PBXFileReference; lastKnownFileType = sourcecode.swift; path = PropertyExample.swift; sourceTree = "<group>"; };
		931020452C3EE30D00710E55 /* InitializerExample.swift */ = {isa = PBXFileReference; lastKnownFileType = sourcecode.swift; path = InitializerExample.swift; sourceTree = "<group>"; };
		9311D4A62D0BF77C00FAF846 /* Scoreboard.swift */ = {isa = PBXFileReference; lastKnownFileType = sourcecode.swift; path = Scoreboard.swift; sourceTree = "<group>"; };
		9311D4A82D0BF82700FAF846 /* Player.swift */ = {isa = PBXFileReference; lastKnownFileType = sourcecode.swift; path = Player.swift; sourceTree = "<group>"; };
		9311D4AA2D0BF84E00FAF846 /* ScoreboardView.swift */ = {isa = PBXFileReference; lastKnownFileType = sourcecode.swift; path = ScoreboardView.swift; sourceTree = "<group>"; };
		9311D4AC2D0BF90700FAF846 /* GameState.swift */ = {isa = PBXFileReference; lastKnownFileType = sourcecode.swift; path = GameState.swift; sourceTree = "<group>"; };
		9311D4AF2D0BFE3600FAF846 /* ScoreKeeperTests.swift */ = {isa = PBXFileReference; lastKnownFileType = sourcecode.swift; path = ScoreKeeperTests.swift; sourceTree = "<group>"; };
		9311D4B12D0BFECF00FAF846 /* SettingView.swift */ = {isa = PBXFileReference; lastKnownFileType = sourcecode.swift; path = SettingView.swift; sourceTree = "<group>"; };
		932EE2262C4C1A50007B73B8 /* Common.swift */ = {isa = PBXFileReference; lastKnownFileType = sourcecode.swift; path = Common.swift; sourceTree = "<group>"; };
		933366E52C45C8E600EAC4B8 /* UserDefaultsManager.swift */ = {isa = PBXFileReference; lastKnownFileType = sourcecode.swift; path = UserDefaultsManager.swift; sourceTree = "<group>"; };
		933366E82C45CA4B00EAC4B8 /* CoreData.swift */ = {isa = PBXFileReference; lastKnownFileType = sourcecode.swift; path = CoreData.swift; sourceTree = "<group>"; };
		933D73FA2D09CC1F00F6B303 /* CGRectContainsView.swift */ = {isa = PBXFileReference; lastKnownFileType = sourcecode.swift; path = CGRectContainsView.swift; sourceTree = "<group>"; };
		934A9E662C35C542004F3581 /* ItunesHomeView.swift */ = {isa = PBXFileReference; lastKnownFileType = sourcecode.swift; path = ItunesHomeView.swift; sourceTree = "<group>"; };
		934A9E682C35C585004F3581 /* ItunesViewModel.swift */ = {isa = PBXFileReference; lastKnownFileType = sourcecode.swift; path = ItunesViewModel.swift; sourceTree = "<group>"; };
		9368E1252D07F15E006B7AD0 /* PushNotificationView.swift */ = {isa = PBXFileReference; lastKnownFileType = sourcecode.swift; path = PushNotificationView.swift; sourceTree = "<group>"; };
		936B41372D4B542300C6F301 /* NFCView.swift */ = {isa = PBXFileReference; lastKnownFileType = sourcecode.swift; path = NFCView.swift; sourceTree = "<group>"; };
		936B413A2D4BE30600C6F301 /* GraphQLAPIManager.swift */ = {isa = PBXFileReference; lastKnownFileType = sourcecode.swift; path = GraphQLAPIManager.swift; sourceTree = "<group>"; };
		936B413C2D4BE36800C6F301 /* GraphQLUser.swift */ = {isa = PBXFileReference; lastKnownFileType = sourcecode.swift; path = GraphQLUser.swift; sourceTree = "<group>"; };
		936B413E2D4BE39400C6F301 /* GraphQLUserViewModel.swift */ = {isa = PBXFileReference; lastKnownFileType = sourcecode.swift; path = GraphQLUserViewModel.swift; sourceTree = "<group>"; };
		936B41402D4BE61600C6F301 /* GraphQLUserListView.swift */ = {isa = PBXFileReference; lastKnownFileType = sourcecode.swift; path = GraphQLUserListView.swift; sourceTree = "<group>"; };
		936B41432D4BEB7C00C6F301 /* GraphQLItem.swift */ = {isa = PBXFileReference; lastKnownFileType = sourcecode.swift; path = GraphQLItem.swift; sourceTree = "<group>"; };
		936B41452D4BEB9B00C6F301 /* GraphQLClient.swift */ = {isa = PBXFileReference; lastKnownFileType = sourcecode.swift; path = GraphQLClient.swift; sourceTree = "<group>"; };
		936B41472D4BEBD600C6F301 /* GraphQLResponses.swift */ = {isa = PBXFileReference; lastKnownFileType = sourcecode.swift; path = GraphQLResponses.swift; sourceTree = "<group>"; };
		936B41492D4BEC2200C6F301 /* GraphQLItemsView.swift */ = {isa = PBXFileReference; lastKnownFileType = sourcecode.swift; path = GraphQLItemsView.swift; sourceTree = "<group>"; };
		936B414B2D4BEC4F00C6F301 /* GraphQLItemsViewModel.swift */ = {isa = PBXFileReference; lastKnownFileType = sourcecode.swift; path = GraphQLItemsViewModel.swift; sourceTree = "<group>"; };
		936B414D2D4BF0C500C6F301 /* GraphQLAddItemView.swift */ = {isa = PBXFileReference; lastKnownFileType = sourcecode.swift; path = GraphQLAddItemView.swift; sourceTree = "<group>"; };
		936FDE3D2D30CB6A0061DB02 /* SearchView.swift */ = {isa = PBXFileReference; lastKnownFileType = sourcecode.swift; path = SearchView.swift; sourceTree = "<group>"; };
		937C67472C3C3E3B0046A5F2 /* MusicListView.swift */ = {isa = PBXFileReference; lastKnownFileType = sourcecode.swift; path = MusicListView.swift; sourceTree = "<group>"; };
		937C674A2C3C44BA0046A5F2 /* DubizzleHomeView.swift */ = {isa = PBXFileReference; lastKnownFileType = sourcecode.swift; path = DubizzleHomeView.swift; sourceTree = "<group>"; };
		937C674C2C3C45070046A5F2 /* DubizzleHomeTabView.swift */ = {isa = PBXFileReference; lastKnownFileType = sourcecode.swift; path = DubizzleHomeTabView.swift; sourceTree = "<group>"; };
		937C67502C3C54250046A5F2 /* DubizzleData.swift */ = {isa = PBXFileReference; lastKnownFileType = sourcecode.swift; path = DubizzleData.swift; sourceTree = "<group>"; };
		937C67522C3C72A70046A5F2 /* DubizzleLoginView.swift */ = {isa = PBXFileReference; lastKnownFileType = sourcecode.swift; path = DubizzleLoginView.swift; sourceTree = "<group>"; };
		938990942C3D031F00DC2356 /* APIManager.swift */ = {isa = PBXFileReference; lastKnownFileType = sourcecode.swift; path = APIManager.swift; sourceTree = "<group>"; };
		9389909A2C3D0CCF00DC2356 /* Extensions.swift */ = {isa = PBXFileReference; lastKnownFileType = sourcecode.swift; path = Extensions.swift; sourceTree = "<group>"; };
		9391FA352D17303A0022701A /* ToDoListView.swift */ = {isa = PBXFileReference; lastKnownFileType = sourcecode.swift; path = ToDoListView.swift; sourceTree = "<group>"; };
		9391FA372D17305D0022701A /* ToDoItem.swift */ = {isa = PBXFileReference; lastKnownFileType = sourcecode.swift; path = ToDoItem.swift; sourceTree = "<group>"; };
		9391FA392D17311A0022701A /* ToDoDetail.swift */ = {isa = PBXFileReference; lastKnownFileType = sourcecode.swift; path = ToDoDetail.swift; sourceTree = "<group>"; };
		93926F3D2C2F6BC900DB3D4E /* Item.swift */ = {isa = PBXFileReference; lastKnownFileType = sourcecode.swift; path = Item.swift; sourceTree = "<group>"; };
		93926F412C2F6C2900DB3D4E /* ItemViewModel.swift */ = {isa = PBXFileReference; lastKnownFileType = sourcecode.swift; path = ItemViewModel.swift; sourceTree = "<group>"; };
		93926F432C2F6C7300DB3D4E /* ItemTableView.swift */ = {isa = PBXFileReference; lastKnownFileType = sourcecode.swift; path = ItemTableView.swift; sourceTree = "<group>"; };
		939363612C3D815A00FEAD28 /* NewsViewModel.swift */ = {isa = PBXFileReference; lastKnownFileType = sourcecode.swift; path = NewsViewModel.swift; sourceTree = "<group>"; };
		939363632C3D817100FEAD28 /* NewsAPIManager.swift */ = {isa = PBXFileReference; lastKnownFileType = sourcecode.swift; path = NewsAPIManager.swift; sourceTree = "<group>"; };
		939363652C3D81A000FEAD28 /* NewsListView.swift */ = {isa = PBXFileReference; lastKnownFileType = sourcecode.swift; path = NewsListView.swift; sourceTree = "<group>"; };
		939363672C3D81B500FEAD28 /* NewsModel.swift */ = {isa = PBXFileReference; lastKnownFileType = sourcecode.swift; path = NewsModel.swift; sourceTree = "<group>"; };
		939363692C3D81C700FEAD28 /* NewsConstants.swift */ = {isa = PBXFileReference; lastKnownFileType = sourcecode.swift; path = NewsConstants.swift; sourceTree = "<group>"; };
		9393636D2C3DC0A000FEAD28 /* DubizzleRegisterView.swift */ = {isa = PBXFileReference; lastKnownFileType = sourcecode.swift; path = DubizzleRegisterView.swift; sourceTree = "<group>"; };
		9393636F2C3DC19500FEAD28 /* DubizzleRegisterViewModel.swift */ = {isa = PBXFileReference; lastKnownFileType = sourcecode.swift; path = DubizzleRegisterViewModel.swift; sourceTree = "<group>"; };
		939363712C3DC35200FEAD28 /* DubizzleUserInfoView.swift */ = {isa = PBXFileReference; lastKnownFileType = sourcecode.swift; path = DubizzleUserInfoView.swift; sourceTree = "<group>"; };
		93987CDF2C480C5B005ECAB8 /* KeychainLoginView.swift */ = {isa = PBXFileReference; lastKnownFileType = sourcecode.swift; path = KeychainLoginView.swift; sourceTree = "<group>"; };
		93987CE12C480CA5005ECAB8 /* KeychainUserInfoView.swift */ = {isa = PBXFileReference; lastKnownFileType = sourcecode.swift; path = KeychainUserInfoView.swift; sourceTree = "<group>"; };
		9399EF842C49DDDB00408D40 /* AddPostView.swift */ = {isa = PBXFileReference; lastKnownFileType = sourcecode.swift; path = AddPostView.swift; sourceTree = "<group>"; };
		9399EF862C49E0D100408D40 /* PostsListView.swift */ = {isa = PBXFileReference; lastKnownFileType = sourcecode.swift; path = PostsListView.swift; sourceTree = "<group>"; };
		9399EF882C49E37900408D40 /* PostViewModel.swift */ = {isa = PBXFileReference; lastKnownFileType = sourcecode.swift; path = PostViewModel.swift; sourceTree = "<group>"; };
		9399EF8A2C49E45500408D40 /* PostAPIManager.swift */ = {isa = PBXFileReference; lastKnownFileType = sourcecode.swift; path = PostAPIManager.swift; sourceTree = "<group>"; };
		9399EF8C2C49E46300408D40 /* PostJsonParser.swift */ = {isa = PBXFileReference; lastKnownFileType = sourcecode.swift; path = PostJsonParser.swift; sourceTree = "<group>"; };
		9399EF8E2C4A0B2400408D40 /* PostModel.swift */ = {isa = PBXFileReference; lastKnownFileType = sourcecode.swift; path = PostModel.swift; sourceTree = "<group>"; };
		9399EF942C4AC65800408D40 /* SwiftUIWorkspaceTests.xctest */ = {isa = PBXFileReference; explicitFileType = wrapper.cfbundle; includeInIndex = 0; path = SwiftUIWorkspaceTests.xctest; sourceTree = BUILT_PRODUCTS_DIR; };
		9399EF962C4AC65800408D40 /* PostsAPIManagerTests.swift */ = {isa = PBXFileReference; lastKnownFileType = sourcecode.swift; path = PostsAPIManagerTests.swift; sourceTree = "<group>"; };
		9399EF9D2C4AC6B300408D40 /* MockURLSession.swift */ = {isa = PBXFileReference; lastKnownFileType = sourcecode.swift; path = MockURLSession.swift; sourceTree = "<group>"; };
		9399EF9F2C4AC81600408D40 /* URLSessionProtocol.swift */ = {isa = PBXFileReference; lastKnownFileType = sourcecode.swift; path = URLSessionProtocol.swift; sourceTree = "<group>"; };
		93ABDFA22C3E147800C38B7C /* KeychainHelper.swift */ = {isa = PBXFileReference; lastKnownFileType = sourcecode.swift; path = KeychainHelper.swift; sourceTree = "<group>"; };
		93C2E9CC2C3458900054D23C /* AlertView.swift */ = {isa = PBXFileReference; lastKnownFileType = sourcecode.swift; path = AlertView.swift; sourceTree = "<group>"; };
		93C2E9D42C345AEE0054D23C /* WebHomeView.swift */ = {isa = PBXFileReference; lastKnownFileType = sourcecode.swift; path = WebHomeView.swift; sourceTree = "<group>"; };
		93C2E9D62C3468240054D23C /* WebView.swift */ = {isa = PBXFileReference; lastKnownFileType = sourcecode.swift; path = WebView.swift; sourceTree = "<group>"; };
		93C529772D3D8E3E00653EF6 /* CoreDataManager.swift */ = {isa = PBXFileReference; lastKnownFileType = sourcecode.swift; path = CoreDataManager.swift; sourceTree = "<group>"; };
		93C529782D3D8E3E00653EF6 /* PersistenceController.swift */ = {isa = PBXFileReference; lastKnownFileType = sourcecode.swift; path = PersistenceController.swift; sourceTree = "<group>"; };
		93C529802D3D8EEF00653EF6 /* Model.xcdatamodel */ = {isa = PBXFileReference; lastKnownFileType = wrapper.xcdatamodel; path = Model.xcdatamodel; sourceTree = "<group>"; };
		93D4D5C92C3301C8004CE68D /* LoginView.swift */ = {isa = PBXFileReference; lastKnownFileType = sourcecode.swift; path = LoginView.swift; sourceTree = "<group>"; };
		93D4D5CC2C331804004CE68D /* TextFieldListView.swift */ = {isa = PBXFileReference; lastKnownFileType = sourcecode.swift; path = TextFieldListView.swift; sourceTree = "<group>"; };
		93E1887F2C34CA92001E4137 /* SegmentView.swift */ = {isa = PBXFileReference; lastKnownFileType = sourcecode.swift; path = SegmentView.swift; sourceTree = "<group>"; };
		93E188862C34D7D9001E4137 /* AsyncImageView.swift */ = {isa = PBXFileReference; lastKnownFileType = sourcecode.swift; path = AsyncImageView.swift; sourceTree = "<group>"; };
		93EA68B82C34433E00D53BEE /* SelectListView.swift */ = {isa = PBXFileReference; lastKnownFileType = sourcecode.swift; path = SelectListView.swift; sourceTree = "<group>"; };
		93F0C4112C2DF258009907D0 /* SwiftUIWorkspace.app */ = {isa = PBXFileReference; explicitFileType = wrapper.application; includeInIndex = 0; path = SwiftUIWorkspace.app; sourceTree = BUILT_PRODUCTS_DIR; };
		93F0C4142C2DF258009907D0 /* SwiftUIWorkspaceApp.swift */ = {isa = PBXFileReference; lastKnownFileType = sourcecode.swift; path = SwiftUIWorkspaceApp.swift; sourceTree = "<group>"; };
		93F0C4162C2DF258009907D0 /* ContentView.swift */ = {isa = PBXFileReference; lastKnownFileType = sourcecode.swift; path = ContentView.swift; sourceTree = "<group>"; };
		93F0C4182C2DF259009907D0 /* Assets.xcassets */ = {isa = PBXFileReference; lastKnownFileType = folder.assetcatalog; path = Assets.xcassets; sourceTree = "<group>"; };
		93F0C41B2C2DF259009907D0 /* Preview Assets.xcassets */ = {isa = PBXFileReference; lastKnownFileType = folder.assetcatalog; path = "Preview Assets.xcassets"; sourceTree = "<group>"; };
		93F14DDF2C41771C0006C692 /* DispatchQueue.swift */ = {isa = PBXFileReference; lastKnownFileType = sourcecode.swift; path = DispatchQueue.swift; sourceTree = "<group>"; };
		93F14DE12C4178360006C692 /* NSOperationQueue.swift */ = {isa = PBXFileReference; lastKnownFileType = sourcecode.swift; path = NSOperationQueue.swift; sourceTree = "<group>"; };
/* End PBXFileReference section */

/* Begin PBXFrameworksBuildPhase section */
		9399EF912C4AC65800408D40 /* Frameworks */ = {
			isa = PBXFrameworksBuildPhase;
			buildActionMask = 2147483647;
			files = (
			);
			runOnlyForDeploymentPostprocessing = 0;
		};
		93F0C40E2C2DF258009907D0 /* Frameworks */ = {
			isa = PBXFrameworksBuildPhase;
			buildActionMask = 2147483647;
			files = (
			);
			runOnlyForDeploymentPostprocessing = 0;
		};
/* End PBXFrameworksBuildPhase section */

/* Begin PBXGroup section */
		93042C622C36268500DECA12 /* Models */ = {
			isa = PBXGroup;
			children = (
				93042C632C3626B100DECA12 /* Artists.swift */,
			);
			path = Models;
			sourceTree = "<group>";
		};
		930547EA2D093211009388C1 /* PickName */ = {
			isa = PBXGroup;
			children = (
				930547EB2D093229009388C1 /* PickNameView.swift */,
			);
			path = PickName;
			sourceTree = "<group>";
		};
		931020412C3EDDE100710E55 /* Concepts */ = {
			isa = PBXGroup;
			children = (
				931020422C3EDDF900710E55 /* PropertyExample.swift */,
				931020452C3EE30D00710E55 /* InitializerExample.swift */,
			);
			path = Concepts;
			sourceTree = "<group>";
		};
		9311D4A52D0BF75600FAF846 /* ScoreKeeper */ = {
			isa = PBXGroup;
			children = (
				9311D4A62D0BF77C00FAF846 /* Scoreboard.swift */,
				9311D4A82D0BF82700FAF846 /* Player.swift */,
				9311D4AA2D0BF84E00FAF846 /* ScoreboardView.swift */,
				9311D4AC2D0BF90700FAF846 /* GameState.swift */,
				9311D4B12D0BFECF00FAF846 /* SettingView.swift */,
			);
			path = ScoreKeeper;
			sourceTree = "<group>";
		};
		9311D4AE2D0BFE1200FAF846 /* ScoreKeeperTests */ = {
			isa = PBXGroup;
			children = (
				9311D4AF2D0BFE3600FAF846 /* ScoreKeeperTests.swift */,
			);
			path = ScoreKeeperTests;
			sourceTree = "<group>";
		};
		933366E42C45C89900EAC4B8 /* UserDefaults */ = {
			isa = PBXGroup;
			children = (
				933366E52C45C8E600EAC4B8 /* UserDefaultsManager.swift */,
			);
			path = UserDefaults;
			sourceTree = "<group>";
		};
		933366E72C45CA3D00EAC4B8 /* CoreData */ = {
			isa = PBXGroup;
			children = (
				933366E82C45CA4B00EAC4B8 /* CoreData.swift */,
				93C529772D3D8E3E00653EF6 /* CoreDataManager.swift */,
				93C529782D3D8E3E00653EF6 /* PersistenceController.swift */,
				93C5297F2D3D8EEF00653EF6 /* Model.xcdatamodeld */,
			);
			path = CoreData;
			sourceTree = "<group>";
		};
		933D73F92D09CBED00F6B303 /* MetaCGRectContains */ = {
			isa = PBXGroup;
			children = (
				933D73FA2D09CC1F00F6B303 /* CGRectContainsView.swift */,
			);
			path = MetaCGRectContains;
			sourceTree = "<group>";
		};
		934A9E612C35C4F4004F3581 /* Combine */ = {
			isa = PBXGroup;
			children = (
				938990992C3D0CBE00DC2356 /* Extensions */,
				938990932C3D02FA00DC2356 /* Network */,
				93042C622C36268500DECA12 /* Models */,
				934A9E652C35C52E004F3581 /* Common */,
				934A9E632C35C522004F3581 /* Views */,
				934A9E642C35C527004F3581 /* ViewModels */,
			);
			path = Combine;
			sourceTree = "<group>";
		};
		934A9E632C35C522004F3581 /* Views */ = {
			isa = PBXGroup;
			children = (
				934A9E662C35C542004F3581 /* ItunesHomeView.swift */,
			);
			path = Views;
			sourceTree = "<group>";
		};
		934A9E642C35C527004F3581 /* ViewModels */ = {
			isa = PBXGroup;
			children = (
				934A9E682C35C585004F3581 /* ItunesViewModel.swift */,
			);
			path = ViewModels;
			sourceTree = "<group>";
		};
		934A9E652C35C52E004F3581 /* Common */ = {
			isa = PBXGroup;
			children = (
				93042C5B2C3623B400DECA12 /* Constants.swift */,
			);
			path = Common;
			sourceTree = "<group>";
		};
		9368E1242D07F133006B7AD0 /* PushNotification */ = {
			isa = PBXGroup;
			children = (
				9368E1252D07F15E006B7AD0 /* PushNotificationView.swift */,
			);
			path = PushNotification;
			sourceTree = "<group>";
		};
		936B41362D4B540D00C6F301 /* NFC */ = {
			isa = PBXGroup;
			children = (
				936B41372D4B542300C6F301 /* NFCView.swift */,
			);
			path = NFC;
			sourceTree = "<group>";
		};
		936B41392D4BE2DA00C6F301 /* GraphQLDecodeOnly */ = {
			isa = PBXGroup;
			children = (
				936B413A2D4BE30600C6F301 /* GraphQLAPIManager.swift */,
				936B413C2D4BE36800C6F301 /* GraphQLUser.swift */,
				936B413E2D4BE39400C6F301 /* GraphQLUserViewModel.swift */,
				936B41402D4BE61600C6F301 /* GraphQLUserListView.swift */,
			);
			path = GraphQLDecodeOnly;
			sourceTree = "<group>";
		};
		936B41422D4BEB6500C6F301 /* GraphQL */ = {
			isa = PBXGroup;
			children = (
				936B41432D4BEB7C00C6F301 /* GraphQLItem.swift */,
				936B41452D4BEB9B00C6F301 /* GraphQLClient.swift */,
				936B41472D4BEBD600C6F301 /* GraphQLResponses.swift */,
				936B41492D4BEC2200C6F301 /* GraphQLItemsView.swift */,
				936B414B2D4BEC4F00C6F301 /* GraphQLItemsViewModel.swift */,
				936B414D2D4BF0C500C6F301 /* GraphQLAddItemView.swift */,
			);
			path = GraphQL;
			sourceTree = "<group>";
		};
		936FDE3A2D30CB2E0061DB02 /* Meta */ = {
			isa = PBXGroup;
			children = (
				936FDE3D2D30CB6A0061DB02 /* SearchView.swift */,
			);
			path = Meta;
			sourceTree = "<group>";
		};
		937C67462C3C3D960046A5F2 /* Music */ = {
			isa = PBXGroup;
			children = (
				937C67472C3C3E3B0046A5F2 /* MusicListView.swift */,
			);
			path = Music;
			sourceTree = "<group>";
		};
		937C67492C3C439C0046A5F2 /* Dubizzle */ = {
			isa = PBXGroup;
			children = (
				937C674A2C3C44BA0046A5F2 /* DubizzleHomeView.swift */,
				937C674C2C3C45070046A5F2 /* DubizzleHomeTabView.swift */,
				937C67502C3C54250046A5F2 /* DubizzleData.swift */,
				937C67522C3C72A70046A5F2 /* DubizzleLoginView.swift */,
				9393636D2C3DC0A000FEAD28 /* DubizzleRegisterView.swift */,
				9393636F2C3DC19500FEAD28 /* DubizzleRegisterViewModel.swift */,
				939363712C3DC35200FEAD28 /* DubizzleUserInfoView.swift */,
			);
			path = Dubizzle;
			sourceTree = "<group>";
		};
		938990932C3D02FA00DC2356 /* Network */ = {
			isa = PBXGroup;
			children = (
				938990942C3D031F00DC2356 /* APIManager.swift */,
			);
			path = Network;
			sourceTree = "<group>";
		};
		938990992C3D0CBE00DC2356 /* Extensions */ = {
			isa = PBXGroup;
			children = (
				9389909A2C3D0CCF00DC2356 /* Extensions.swift */,
			);
			path = Extensions;
			sourceTree = "<group>";
		};
		9391FA342D1730220022701A /* ToDo */ = {
			isa = PBXGroup;
			children = (
				9391FA352D17303A0022701A /* ToDoListView.swift */,
				9391FA372D17305D0022701A /* ToDoItem.swift */,
				9391FA392D17311A0022701A /* ToDoDetail.swift */,
			);
			path = ToDo;
			sourceTree = "<group>";
		};
		939363602C3D811700FEAD28 /* NewsFeed */ = {
			isa = PBXGroup;
			children = (
				939363612C3D815A00FEAD28 /* NewsViewModel.swift */,
				939363632C3D817100FEAD28 /* NewsAPIManager.swift */,
				939363652C3D81A000FEAD28 /* NewsListView.swift */,
				939363672C3D81B500FEAD28 /* NewsModel.swift */,
				939363692C3D81C700FEAD28 /* NewsConstants.swift */,
			);
			path = NewsFeed;
			sourceTree = "<group>";
		};
		9399EF812C49DD3F00408D40 /* PostAPI */ = {
			isa = PBXGroup;
			children = (
				9399EF842C49DDDB00408D40 /* AddPostView.swift */,
				9399EF862C49E0D100408D40 /* PostsListView.swift */,
				9399EF882C49E37900408D40 /* PostViewModel.swift */,
				9399EF8A2C49E45500408D40 /* PostAPIManager.swift */,
				9399EF8C2C49E46300408D40 /* PostJsonParser.swift */,
				9399EF8E2C4A0B2400408D40 /* PostModel.swift */,
				9399EF9F2C4AC81600408D40 /* URLSessionProtocol.swift */,
				932EE2262C4C1A50007B73B8 /* Common.swift */,
			);
			path = PostAPI;
			sourceTree = "<group>";
		};
		9399EF952C4AC65800408D40 /* SwiftUIWorkspaceTests */ = {
			isa = PBXGroup;
			children = (
				9311D4AE2D0BFE1200FAF846 /* ScoreKeeperTests */,
				9399EF962C4AC65800408D40 /* PostsAPIManagerTests.swift */,
				9399EF9D2C4AC6B300408D40 /* MockURLSession.swift */,
			);
			path = SwiftUIWorkspaceTests;
			sourceTree = "<group>";
		};
		93ABDFA12C3E144600C38B7C /* Keychain */ = {
			isa = PBXGroup;
			children = (
				93ABDFA22C3E147800C38B7C /* KeychainHelper.swift */,
				93987CDF2C480C5B005ECAB8 /* KeychainLoginView.swift */,
				93987CE12C480CA5005ECAB8 /* KeychainUserInfoView.swift */,
			);
			path = Keychain;
			sourceTree = "<group>";
		};
		93C2E9CB2C34587B0054D23C /* Alert */ = {
			isa = PBXGroup;
			children = (
				93C2E9CC2C3458900054D23C /* AlertView.swift */,
			);
			path = Alert;
			sourceTree = "<group>";
		};
		93C2E9D12C345ABE0054D23C /* WebView */ = {
			isa = PBXGroup;
			children = (
				93C2E9D42C345AEE0054D23C /* WebHomeView.swift */,
				93C2E9D62C3468240054D23C /* WebView.swift */,
			);
			path = WebView;
			sourceTree = "<group>";
		};
		93D4D5C72C33019A004CE68D /* ExpandableList */ = {
			isa = PBXGroup;
			children = (
				93926F3D2C2F6BC900DB3D4E /* Item.swift */,
				93926F412C2F6C2900DB3D4E /* ItemViewModel.swift */,
				93926F432C2F6C7300DB3D4E /* ItemTableView.swift */,
			);
			path = ExpandableList;
			sourceTree = "<group>";
		};
		93D4D5C82C3301AF004CE68D /* Login */ = {
			isa = PBXGroup;
			children = (
				93D4D5C92C3301C8004CE68D /* LoginView.swift */,
			);
			path = Login;
			sourceTree = "<group>";
		};
		93D4D5CB2C3317EE004CE68D /* TextFieldList */ = {
			isa = PBXGroup;
			children = (
				93D4D5CC2C331804004CE68D /* TextFieldListView.swift */,
			);
			path = TextFieldList;
			sourceTree = "<group>";
		};
		93E1887C2C34CA5C001E4137 /* Segment */ = {
			isa = PBXGroup;
			children = (
				93E1887F2C34CA92001E4137 /* SegmentView.swift */,
			);
			path = Segment;
			sourceTree = "<group>";
		};
		93E188852C34D7C5001E4137 /* AsyncImage */ = {
			isa = PBXGroup;
			children = (
				93E188862C34D7D9001E4137 /* AsyncImageView.swift */,
			);
			path = AsyncImage;
			sourceTree = "<group>";
		};
		93EA68B72C34432400D53BEE /* SelectList */ = {
			isa = PBXGroup;
			children = (
				93EA68B82C34433E00D53BEE /* SelectListView.swift */,
			);
			path = SelectList;
			sourceTree = "<group>";
		};
		93F0C4082C2DF258009907D0 = {
			isa = PBXGroup;
			children = (
				93F0C4132C2DF258009907D0 /* SwiftUIWorkspace */,
				93F0C4142C2DF258009907D0 /* SwiftUIWorkspaceApp.swift */,
				93F0C4162C2DF258009907D0 /* ContentView.swift */,
				93F0C4182C2DF259009907D0 /* Assets.xcassets */,
				9399EF952C4AC65800408D40 /* SwiftUIWorkspaceTests */,
				93F0C4122C2DF258009907D0 /* Products */,
			);
			sourceTree = "<group>";
		};
		93F0C4122C2DF258009907D0 /* Products */ = {
			isa = PBXGroup;
			children = (
				93F0C4112C2DF258009907D0 /* SwiftUIWorkspace.app */,
				9399EF942C4AC65800408D40 /* SwiftUIWorkspaceTests.xctest */,
			);
			name = Products;
			sourceTree = "<group>";
		};
		93F0C4132C2DF258009907D0 /* SwiftUIWorkspace */ = {
			isa = PBXGroup;
			children = (
				936B41422D4BEB6500C6F301 /* GraphQL */,
				936B41392D4BE2DA00C6F301 /* GraphQLDecodeOnly */,
				936B41362D4B540D00C6F301 /* NFC */,
				936FDE3A2D30CB2E0061DB02 /* Meta */,
				9391FA342D1730220022701A /* ToDo */,
				9311D4A52D0BF75600FAF846 /* ScoreKeeper */,
				933D73F92D09CBED00F6B303 /* MetaCGRectContains */,
				930547EA2D093211009388C1 /* PickName */,
				9368E1242D07F133006B7AD0 /* PushNotification */,
				9399EF812C49DD3F00408D40 /* PostAPI */,
				933366E72C45CA3D00EAC4B8 /* CoreData */,
				933366E42C45C89900EAC4B8 /* UserDefaults */,
				93F14DDE2C4176F00006C692 /* AsynchorousTask */,
				931020412C3EDDE100710E55 /* Concepts */,
				93ABDFA12C3E144600C38B7C /* Keychain */,
				939363602C3D811700FEAD28 /* NewsFeed */,
				937C67492C3C439C0046A5F2 /* Dubizzle */,
				937C67462C3C3D960046A5F2 /* Music */,
				93C2E9CB2C34587B0054D23C /* Alert */,
				93E188852C34D7C5001E4137 /* AsyncImage */,
				934A9E612C35C4F4004F3581 /* Combine */,
				93D4D5C72C33019A004CE68D /* ExpandableList */,
				93D4D5C82C3301AF004CE68D /* Login */,
				93F0C41A2C2DF259009907D0 /* Preview Content */,
				93E1887C2C34CA5C001E4137 /* Segment */,
				93EA68B72C34432400D53BEE /* SelectList */,
				93D4D5CB2C3317EE004CE68D /* TextFieldList */,
				93C2E9D12C345ABE0054D23C /* WebView */,
			);
			path = SwiftUIWorkspace;
			sourceTree = "<group>";
		};
		93F0C41A2C2DF259009907D0 /* Preview Content */ = {
			isa = PBXGroup;
			children = (
				93F0C41B2C2DF259009907D0 /* Preview Assets.xcassets */,
			);
			path = "Preview Content";
			sourceTree = "<group>";
		};
		93F14DDE2C4176F00006C692 /* AsynchorousTask */ = {
			isa = PBXGroup;
			children = (
				93F14DDF2C41771C0006C692 /* DispatchQueue.swift */,
				93F14DE12C4178360006C692 /* NSOperationQueue.swift */,
			);
			path = AsynchorousTask;
			sourceTree = "<group>";
		};
/* End PBXGroup section */

/* Begin PBXNativeTarget section */
		9399EF932C4AC65800408D40 /* SwiftUIWorkspaceTests */ = {
			isa = PBXNativeTarget;
			buildConfigurationList = 9399EF9A2C4AC65800408D40 /* Build configuration list for PBXNativeTarget "SwiftUIWorkspaceTests" */;
			buildPhases = (
				9399EF902C4AC65800408D40 /* Sources */,
				9399EF912C4AC65800408D40 /* Frameworks */,
				9399EF922C4AC65800408D40 /* Resources */,
			);
			buildRules = (
			);
			dependencies = (
				9399EF992C4AC65800408D40 /* PBXTargetDependency */,
			);
			name = SwiftUIWorkspaceTests;
			productName = SwiftUIWorkspaceTests;
			productReference = 9399EF942C4AC65800408D40 /* SwiftUIWorkspaceTests.xctest */;
			productType = "com.apple.product-type.bundle.unit-test";
		};
		93F0C4102C2DF258009907D0 /* SwiftUIWorkspace */ = {
			isa = PBXNativeTarget;
			buildConfigurationList = 93F0C41F2C2DF259009907D0 /* Build configuration list for PBXNativeTarget "SwiftUIWorkspace" */;
			buildPhases = (
				93F0C40D2C2DF258009907D0 /* Sources */,
				93F0C40E2C2DF258009907D0 /* Frameworks */,
				93F0C40F2C2DF258009907D0 /* Resources */,
			);
			buildRules = (
			);
			dependencies = (
			);
			name = SwiftUIWorkspace;
			productName = SwiftUIWorkspace;
			productReference = 93F0C4112C2DF258009907D0 /* SwiftUIWorkspace.app */;
			productType = "com.apple.product-type.application";
		};
/* End PBXNativeTarget section */

/* Begin PBXProject section */
		93F0C4092C2DF258009907D0 /* Project object */ = {
			isa = PBXProject;
			attributes = {
				BuildIndependentTargetsInParallel = 1;
				LastSwiftUpdateCheck = 1540;
				LastUpgradeCheck = 1540;
				TargetAttributes = {
					9399EF932C4AC65800408D40 = {
						CreatedOnToolsVersion = 15.4;
						TestTargetID = 93F0C4102C2DF258009907D0;
					};
					93F0C4102C2DF258009907D0 = {
						CreatedOnToolsVersion = 15.4;
					};
				};
			};
			buildConfigurationList = 93F0C40C2C2DF258009907D0 /* Build configuration list for PBXProject "SwiftUIWorkspace" */;
			compatibilityVersion = "Xcode 14.0";
			developmentRegion = en;
			hasScannedForEncodings = 0;
			knownRegions = (
				en,
				Base,
			);
			mainGroup = 93F0C4082C2DF258009907D0;
			productRefGroup = 93F0C4122C2DF258009907D0 /* Products */;
			projectDirPath = "";
			projectRoot = "";
			targets = (
				93F0C4102C2DF258009907D0 /* SwiftUIWorkspace */,
				9399EF932C4AC65800408D40 /* SwiftUIWorkspaceTests */,
			);
		};
/* End PBXProject section */

/* Begin PBXResourcesBuildPhase section */
		9399EF922C4AC65800408D40 /* Resources */ = {
			isa = PBXResourcesBuildPhase;
			buildActionMask = 2147483647;
			files = (
			);
			runOnlyForDeploymentPostprocessing = 0;
		};
		93F0C40F2C2DF258009907D0 /* Resources */ = {
			isa = PBXResourcesBuildPhase;
			buildActionMask = 2147483647;
			files = (
				93F0C41C2C2DF259009907D0 /* Preview Assets.xcassets in Resources */,
				93F0C4192C2DF259009907D0 /* Assets.xcassets in Resources */,
			);
			runOnlyForDeploymentPostprocessing = 0;
		};
/* End PBXResourcesBuildPhase section */

/* Begin PBXSourcesBuildPhase section */
		9399EF902C4AC65800408D40 /* Sources */ = {
			isa = PBXSourcesBuildPhase;
			buildActionMask = 2147483647;
			files = (
				9311D4B02D0BFE3600FAF846 /* ScoreKeeperTests.swift in Sources */,
				9399EF9E2C4AC6B300408D40 /* MockURLSession.swift in Sources */,
				9399EF972C4AC65800408D40 /* PostsAPIManagerTests.swift in Sources */,
			);
			runOnlyForDeploymentPostprocessing = 0;
		};
		93F0C40D2C2DF258009907D0 /* Sources */ = {
			isa = PBXSourcesBuildPhase;
			buildActionMask = 2147483647;
			files = (
				936B413F2D4BE39400C6F301 /* GraphQLUserViewModel.swift in Sources */,
				936B414C2D4BEC4F00C6F301 /* GraphQLItemsViewModel.swift in Sources */,
				939363682C3D81B500FEAD28 /* NewsModel.swift in Sources */,
				933366E92C45CA4B00EAC4B8 /* CoreData.swift in Sources */,
				9399EF872C49E0D100408D40 /* PostsListView.swift in Sources */,
				936B41382D4B542300C6F301 /* NFCView.swift in Sources */,
				937C67512C3C54250046A5F2 /* DubizzleData.swift in Sources */,
				936B41482D4BEBD600C6F301 /* GraphQLResponses.swift in Sources */,
				93E188872C34D7D9001E4137 /* AsyncImageView.swift in Sources */,
				931020462C3EE30D00710E55 /* InitializerExample.swift in Sources */,
				937C67532C3C72A70046A5F2 /* DubizzleLoginView.swift in Sources */,
				93987CE22C480CA5005ECAB8 /* KeychainUserInfoView.swift in Sources */,
				9391FA3A2D17311A0022701A /* ToDoDetail.swift in Sources */,
				939363722C3DC35200FEAD28 /* DubizzleUserInfoView.swift in Sources */,
				9311D4AB2D0BF84E00FAF846 /* ScoreboardView.swift in Sources */,
				93D4D5CA2C3301C8004CE68D /* LoginView.swift in Sources */,
				937C67482C3C3E3B0046A5F2 /* MusicListView.swift in Sources */,
				939363642C3D817100FEAD28 /* NewsAPIManager.swift in Sources */,
				936B41442D4BEB7C00C6F301 /* GraphQLItem.swift in Sources */,
				9399EFA02C4AC81600408D40 /* URLSessionProtocol.swift in Sources */,
				936B413D2D4BE36800C6F301 /* GraphQLUser.swift in Sources */,
				932EE2272C4C1A50007B73B8 /* Common.swift in Sources */,
				9399EF8B2C49E45500408D40 /* PostAPIManager.swift in Sources */,
				936FDE3E2D30CB6A0061DB02 /* SearchView.swift in Sources */,
				93C2E9D52C345AEE0054D23C /* WebHomeView.swift in Sources */,
				93C5297D2D3D8E3E00653EF6 /* CoreDataManager.swift in Sources */,
				93C5297E2D3D8E3E00653EF6 /* PersistenceController.swift in Sources */,
				93D4D5CD2C331804004CE68D /* TextFieldListView.swift in Sources */,
				93C2E9CD2C3458900054D23C /* AlertView.swift in Sources */,
				9393636E2C3DC0A000FEAD28 /* DubizzleRegisterView.swift in Sources */,
				93F0C4172C2DF258009907D0 /* ContentView.swift in Sources */,
				9311D4AD2D0BF90700FAF846 /* GameState.swift in Sources */,
				937C674D2C3C45070046A5F2 /* DubizzleHomeTabView.swift in Sources */,
				93C529812D3D8EEF00653EF6 /* Model.xcdatamodeld in Sources */,
				9311D4A72D0BF77C00FAF846 /* Scoreboard.swift in Sources */,
				93926F442C2F6C7300DB3D4E /* ItemTableView.swift in Sources */,
				9393636A2C3D81C700FEAD28 /* NewsConstants.swift in Sources */,
				936B414A2D4BEC2200C6F301 /* GraphQLItemsView.swift in Sources */,
				93ABDFA32C3E147800C38B7C /* KeychainHelper.swift in Sources */,
				93042C5C2C3623B400DECA12 /* Constants.swift in Sources */,
				936B41462D4BEB9B00C6F301 /* GraphQLClient.swift in Sources */,
				939363622C3D815A00FEAD28 /* NewsViewModel.swift in Sources */,
				93926F3E2C2F6BC900DB3D4E /* Item.swift in Sources */,
				931020432C3EDDF900710E55 /* PropertyExample.swift in Sources */,
				93F0C4152C2DF258009907D0 /* SwiftUIWorkspaceApp.swift in Sources */,
				939363662C3D81A000FEAD28 /* NewsListView.swift in Sources */,
				933366E62C45C8E600EAC4B8 /* UserDefaultsManager.swift in Sources */,
				9368E1262D07F15E006B7AD0 /* PushNotificationView.swift in Sources */,
				93987CE02C480C5B005ECAB8 /* KeychainLoginView.swift in Sources */,
				9399EF8D2C49E46300408D40 /* PostJsonParser.swift in Sources */,
				93EA68B92C34433E00D53BEE /* SelectListView.swift in Sources */,
				9399EF8F2C4A0B2400408D40 /* PostModel.swift in Sources */,
				939363702C3DC19500FEAD28 /* DubizzleRegisterViewModel.swift in Sources */,
				934A9E672C35C542004F3581 /* ItunesHomeView.swift in Sources */,
				9391FA382D17305D0022701A /* ToDoItem.swift in Sources */,
				93042C642C3626B100DECA12 /* Artists.swift in Sources */,
				93926F422C2F6C2900DB3D4E /* ItemViewModel.swift in Sources */,
				934A9E692C35C585004F3581 /* ItunesViewModel.swift in Sources */,
				933D73FB2D09CC1F00F6B303 /* CGRectContainsView.swift in Sources */,
				9389909B2C3D0CCF00DC2356 /* Extensions.swift in Sources */,
				936B414E2D4BF0C500C6F301 /* GraphQLAddItemView.swift in Sources */,
				93E188802C34CA92001E4137 /* SegmentView.swift in Sources */,
				936B41412D4BE61600C6F301 /* GraphQLUserListView.swift in Sources */,
				93F14DE22C4178360006C692 /* NSOperationQueue.swift in Sources */,
				9311D4B22D0BFECF00FAF846 /* SettingView.swift in Sources */,
				938990952C3D031F00DC2356 /* APIManager.swift in Sources */,
				93C2E9D72C3468240054D23C /* WebView.swift in Sources */,
				930547EC2D093229009388C1 /* PickNameView.swift in Sources */,
				9399EF892C49E37900408D40 /* PostViewModel.swift in Sources */,
				937C674B2C3C44BA0046A5F2 /* DubizzleHomeView.swift in Sources */,
				93F14DE02C41771C0006C692 /* DispatchQueue.swift in Sources */,
				936B413B2D4BE30600C6F301 /* GraphQLAPIManager.swift in Sources */,
				9311D4A92D0BF82700FAF846 /* Player.swift in Sources */,
				9391FA362D17303A0022701A /* ToDoListView.swift in Sources */,
				9399EF852C49DDDB00408D40 /* AddPostView.swift in Sources */,
			);
			runOnlyForDeploymentPostprocessing = 0;
		};
/* End PBXSourcesBuildPhase section */

/* Begin PBXTargetDependency section */
		9399EF992C4AC65800408D40 /* PBXTargetDependency */ = {
			isa = PBXTargetDependency;
			target = 93F0C4102C2DF258009907D0 /* SwiftUIWorkspace */;
			targetProxy = 9399EF982C4AC65800408D40 /* PBXContainerItemProxy */;
		};
/* End PBXTargetDependency section */

/* Begin XCBuildConfiguration section */
		9399EF9B2C4AC65800408D40 /* Debug */ = {
			isa = XCBuildConfiguration;
			buildSettings = {
				BUNDLE_LOADER = "$(TEST_HOST)";
				CODE_SIGN_STYLE = Automatic;
				CURRENT_PROJECT_VERSION = 1;
				DEVELOPMENT_TEAM = PRAK7FCXFF;
				GENERATE_INFOPLIST_FILE = YES;
				MARKETING_VERSION = 1.0;
				PRODUCT_BUNDLE_IDENTIFIER = com.siranli.development.SwiftUIWorkspaceTests;
				PRODUCT_NAME = "$(TARGET_NAME)";
				SWIFT_EMIT_LOC_STRINGS = NO;
				SWIFT_VERSION = 5.0;
				TARGETED_DEVICE_FAMILY = "1,2";
				TEST_HOST = "$(BUILT_PRODUCTS_DIR)/SwiftUIWorkspace.app/$(BUNDLE_EXECUTABLE_FOLDER_PATH)/SwiftUIWorkspace";
			};
			name = Debug;
		};
		9399EF9C2C4AC65800408D40 /* Release */ = {
			isa = XCBuildConfiguration;
			buildSettings = {
				BUNDLE_LOADER = "$(TEST_HOST)";
				CODE_SIGN_STYLE = Automatic;
				CURRENT_PROJECT_VERSION = 1;
				DEVELOPMENT_TEAM = PRAK7FCXFF;
				GENERATE_INFOPLIST_FILE = YES;
				MARKETING_VERSION = 1.0;
				PRODUCT_BUNDLE_IDENTIFIER = com.siranli.development.SwiftUIWorkspaceTests;
				PRODUCT_NAME = "$(TARGET_NAME)";
				SWIFT_EMIT_LOC_STRINGS = NO;
				SWIFT_VERSION = 5.0;
				TARGETED_DEVICE_FAMILY = "1,2";
				TEST_HOST = "$(BUILT_PRODUCTS_DIR)/SwiftUIWorkspace.app/$(BUNDLE_EXECUTABLE_FOLDER_PATH)/SwiftUIWorkspace";
			};
			name = Release;
		};
		93F0C41D2C2DF259009907D0 /* Debug */ = {
			isa = XCBuildConfiguration;
			buildSettings = {
				ALWAYS_SEARCH_USER_PATHS = NO;
				ASSETCATALOG_COMPILER_GENERATE_SWIFT_ASSET_SYMBOL_EXTENSIONS = YES;
				CLANG_ANALYZER_NONNULL = YES;
				CLANG_ANALYZER_NUMBER_OBJECT_CONVERSION = YES_AGGRESSIVE;
				CLANG_CXX_LANGUAGE_STANDARD = "gnu++20";
				CLANG_ENABLE_MODULES = YES;
				CLANG_ENABLE_OBJC_ARC = YES;
				CLANG_ENABLE_OBJC_WEAK = YES;
				CLANG_WARN_BLOCK_CAPTURE_AUTORELEASING = YES;
				CLANG_WARN_BOOL_CONVERSION = YES;
				CLANG_WARN_COMMA = YES;
				CLANG_WARN_CONSTANT_CONVERSION = YES;
				CLANG_WARN_DEPRECATED_OBJC_IMPLEMENTATIONS = YES;
				CLANG_WARN_DIRECT_OBJC_ISA_USAGE = YES_ERROR;
				CLANG_WARN_DOCUMENTATION_COMMENTS = YES;
				CLANG_WARN_EMPTY_BODY = YES;
				CLANG_WARN_ENUM_CONVERSION = YES;
				CLANG_WARN_INFINITE_RECURSION = YES;
				CLANG_WARN_INT_CONVERSION = YES;
				CLANG_WARN_NON_LITERAL_NULL_CONVERSION = YES;
				CLANG_WARN_OBJC_IMPLICIT_RETAIN_SELF = YES;
				CLANG_WARN_OBJC_LITERAL_CONVERSION = YES;
				CLANG_WARN_OBJC_ROOT_CLASS = YES_ERROR;
				CLANG_WARN_QUOTED_INCLUDE_IN_FRAMEWORK_HEADER = YES;
				CLANG_WARN_RANGE_LOOP_ANALYSIS = YES;
				CLANG_WARN_STRICT_PROTOTYPES = YES;
				CLANG_WARN_SUSPICIOUS_MOVE = YES;
				CLANG_WARN_UNGUARDED_AVAILABILITY = YES_AGGRESSIVE;
				CLANG_WARN_UNREACHABLE_CODE = YES;
				CLANG_WARN__DUPLICATE_METHOD_MATCH = YES;
				COPY_PHASE_STRIP = NO;
				DEBUG_INFORMATION_FORMAT = dwarf;
				ENABLE_STRICT_OBJC_MSGSEND = YES;
				ENABLE_TESTABILITY = YES;
				ENABLE_USER_SCRIPT_SANDBOXING = YES;
				GCC_C_LANGUAGE_STANDARD = gnu17;
				GCC_DYNAMIC_NO_PIC = NO;
				GCC_NO_COMMON_BLOCKS = YES;
				GCC_OPTIMIZATION_LEVEL = 0;
				GCC_PREPROCESSOR_DEFINITIONS = (
					"DEBUG=1",
					"$(inherited)",
				);
				GCC_WARN_64_TO_32_BIT_CONVERSION = YES;
				GCC_WARN_ABOUT_RETURN_TYPE = YES_ERROR;
				GCC_WARN_UNDECLARED_SELECTOR = YES;
				GCC_WARN_UNINITIALIZED_AUTOS = YES_AGGRESSIVE;
				GCC_WARN_UNUSED_FUNCTION = YES;
				GCC_WARN_UNUSED_VARIABLE = YES;
				IPHONEOS_DEPLOYMENT_TARGET = 17.5;
				LOCALIZATION_PREFERS_STRING_CATALOGS = YES;
				MTL_ENABLE_DEBUG_INFO = INCLUDE_SOURCE;
				MTL_FAST_MATH = YES;
				ONLY_ACTIVE_ARCH = YES;
				SDKROOT = iphoneos;
				SWIFT_ACTIVE_COMPILATION_CONDITIONS = "DEBUG $(inherited)";
				SWIFT_OPTIMIZATION_LEVEL = "-Onone";
			};
			name = Debug;
		};
		93F0C41E2C2DF259009907D0 /* Release */ = {
			isa = XCBuildConfiguration;
			buildSettings = {
				ALWAYS_SEARCH_USER_PATHS = NO;
				ASSETCATALOG_COMPILER_GENERATE_SWIFT_ASSET_SYMBOL_EXTENSIONS = YES;
				CLANG_ANALYZER_NONNULL = YES;
				CLANG_ANALYZER_NUMBER_OBJECT_CONVERSION = YES_AGGRESSIVE;
				CLANG_CXX_LANGUAGE_STANDARD = "gnu++20";
				CLANG_ENABLE_MODULES = YES;
				CLANG_ENABLE_OBJC_ARC = YES;
				CLANG_ENABLE_OBJC_WEAK = YES;
				CLANG_WARN_BLOCK_CAPTURE_AUTORELEASING = YES;
				CLANG_WARN_BOOL_CONVERSION = YES;
				CLANG_WARN_COMMA = YES;
				CLANG_WARN_CONSTANT_CONVERSION = YES;
				CLANG_WARN_DEPRECATED_OBJC_IMPLEMENTATIONS = YES;
				CLANG_WARN_DIRECT_OBJC_ISA_USAGE = YES_ERROR;
				CLANG_WARN_DOCUMENTATION_COMMENTS = YES;
				CLANG_WARN_EMPTY_BODY = YES;
				CLANG_WARN_ENUM_CONVERSION = YES;
				CLANG_WARN_INFINITE_RECURSION = YES;
				CLANG_WARN_INT_CONVERSION = YES;
				CLANG_WARN_NON_LITERAL_NULL_CONVERSION = YES;
				CLANG_WARN_OBJC_IMPLICIT_RETAIN_SELF = YES;
				CLANG_WARN_OBJC_LITERAL_CONVERSION = YES;
				CLANG_WARN_OBJC_ROOT_CLASS = YES_ERROR;
				CLANG_WARN_QUOTED_INCLUDE_IN_FRAMEWORK_HEADER = YES;
				CLANG_WARN_RANGE_LOOP_ANALYSIS = YES;
				CLANG_WARN_STRICT_PROTOTYPES = YES;
				CLANG_WARN_SUSPICIOUS_MOVE = YES;
				CLANG_WARN_UNGUARDED_AVAILABILITY = YES_AGGRESSIVE;
				CLANG_WARN_UNREACHABLE_CODE = YES;
				CLANG_WARN__DUPLICATE_METHOD_MATCH = YES;
				COPY_PHASE_STRIP = NO;
				DEBUG_INFORMATION_FORMAT = "dwarf-with-dsym";
				ENABLE_NS_ASSERTIONS = NO;
				ENABLE_STRICT_OBJC_MSGSEND = YES;
				ENABLE_USER_SCRIPT_SANDBOXING = YES;
				GCC_C_LANGUAGE_STANDARD = gnu17;
				GCC_NO_COMMON_BLOCKS = YES;
				GCC_WARN_64_TO_32_BIT_CONVERSION = YES;
				GCC_WARN_ABOUT_RETURN_TYPE = YES_ERROR;
				GCC_WARN_UNDECLARED_SELECTOR = YES;
				GCC_WARN_UNINITIALIZED_AUTOS = YES_AGGRESSIVE;
				GCC_WARN_UNUSED_FUNCTION = YES;
				GCC_WARN_UNUSED_VARIABLE = YES;
				IPHONEOS_DEPLOYMENT_TARGET = 17.5;
				LOCALIZATION_PREFERS_STRING_CATALOGS = YES;
				MTL_ENABLE_DEBUG_INFO = NO;
				MTL_FAST_MATH = YES;
				SDKROOT = iphoneos;
				SWIFT_COMPILATION_MODE = wholemodule;
				VALIDATE_PRODUCT = YES;
			};
			name = Release;
		};
		93F0C4202C2DF259009907D0 /* Debug */ = {
			isa = XCBuildConfiguration;
			buildSettings = {
				ASSETCATALOG_COMPILER_APPICON_NAME = AppIcon;
				ASSETCATALOG_COMPILER_GLOBAL_ACCENT_COLOR_NAME = AccentColor;
				CODE_SIGN_STYLE = Automatic;
				CURRENT_PROJECT_VERSION = 1;
				DEVELOPMENT_ASSET_PATHS = "\"SwiftUIWorkspace/Preview Content\"";
				DEVELOPMENT_TEAM = PRAK7FCXFF;
				ENABLE_PREVIEWS = YES;
				GENERATE_INFOPLIST_FILE = YES;
				INFOPLIST_KEY_UIApplicationSceneManifest_Generation = YES;
				INFOPLIST_KEY_UIApplicationSupportsIndirectInputEvents = YES;
				INFOPLIST_KEY_UILaunchScreen_Generation = YES;
				INFOPLIST_KEY_UISupportedInterfaceOrientations_iPad = "UIInterfaceOrientationPortrait UIInterfaceOrientationPortraitUpsideDown UIInterfaceOrientationLandscapeLeft UIInterfaceOrientationLandscapeRight";
				INFOPLIST_KEY_UISupportedInterfaceOrientations_iPhone = "UIInterfaceOrientationPortrait UIInterfaceOrientationLandscapeLeft UIInterfaceOrientationLandscapeRight";
				LD_RUNPATH_SEARCH_PATHS = (
					"$(inherited)",
					"@executable_path/Frameworks",
				);
				MARKETING_VERSION = 1.0;
				PRODUCT_BUNDLE_IDENTIFIER = com.siranli.development.SwiftUIWorkspace;
				PRODUCT_NAME = "$(TARGET_NAME)";
				SWIFT_EMIT_LOC_STRINGS = YES;
				SWIFT_VERSION = 5.0;
				TARGETED_DEVICE_FAMILY = "1,2";
			};
			name = Debug;
		};
		93F0C4212C2DF259009907D0 /* Release */ = {
			isa = XCBuildConfiguration;
			buildSettings = {
				ASSETCATALOG_COMPILER_APPICON_NAME = AppIcon;
				ASSETCATALOG_COMPILER_GLOBAL_ACCENT_COLOR_NAME = AccentColor;
				CODE_SIGN_STYLE = Automatic;
				CURRENT_PROJECT_VERSION = 1;
				DEVELOPMENT_ASSET_PATHS = "\"SwiftUIWorkspace/Preview Content\"";
				DEVELOPMENT_TEAM = PRAK7FCXFF;
				ENABLE_PREVIEWS = YES;
				GENERATE_INFOPLIST_FILE = YES;
				INFOPLIST_KEY_UIApplicationSceneManifest_Generation = YES;
				INFOPLIST_KEY_UIApplicationSupportsIndirectInputEvents = YES;
				INFOPLIST_KEY_UILaunchScreen_Generation = YES;
				INFOPLIST_KEY_UISupportedInterfaceOrientations_iPad = "UIInterfaceOrientationPortrait UIInterfaceOrientationPortraitUpsideDown UIInterfaceOrientationLandscapeLeft UIInterfaceOrientationLandscapeRight";
				INFOPLIST_KEY_UISupportedInterfaceOrientations_iPhone = "UIInterfaceOrientationPortrait UIInterfaceOrientationLandscapeLeft UIInterfaceOrientationLandscapeRight";
				LD_RUNPATH_SEARCH_PATHS = (
					"$(inherited)",
					"@executable_path/Frameworks",
				);
				MARKETING_VERSION = 1.0;
				PRODUCT_BUNDLE_IDENTIFIER = com.siranli.development.SwiftUIWorkspace;
				PRODUCT_NAME = "$(TARGET_NAME)";
				SWIFT_EMIT_LOC_STRINGS = YES;
				SWIFT_VERSION = 5.0;
				TARGETED_DEVICE_FAMILY = "1,2";
			};
			name = Release;
		};
/* End XCBuildConfiguration section */

/* Begin XCConfigurationList section */
		9399EF9A2C4AC65800408D40 /* Build configuration list for PBXNativeTarget "SwiftUIWorkspaceTests" */ = {
			isa = XCConfigurationList;
			buildConfigurations = (
				9399EF9B2C4AC65800408D40 /* Debug */,
				9399EF9C2C4AC65800408D40 /* Release */,
			);
			defaultConfigurationIsVisible = 0;
			defaultConfigurationName = Release;
		};
		93F0C40C2C2DF258009907D0 /* Build configuration list for PBXProject "SwiftUIWorkspace" */ = {
			isa = XCConfigurationList;
			buildConfigurations = (
				93F0C41D2C2DF259009907D0 /* Debug */,
				93F0C41E2C2DF259009907D0 /* Release */,
			);
			defaultConfigurationIsVisible = 0;
			defaultConfigurationName = Release;
		};
		93F0C41F2C2DF259009907D0 /* Build configuration list for PBXNativeTarget "SwiftUIWorkspace" */ = {
			isa = XCConfigurationList;
			buildConfigurations = (
				93F0C4202C2DF259009907D0 /* Debug */,
				93F0C4212C2DF259009907D0 /* Release */,
			);
			defaultConfigurationIsVisible = 0;
			defaultConfigurationName = Release;
		};
/* End XCConfigurationList section */

/* Begin XCVersionGroup section */
		93C5297F2D3D8EEF00653EF6 /* Model.xcdatamodeld */ = {
			isa = XCVersionGroup;
			children = (
				93C529802D3D8EEF00653EF6 /* Model.xcdatamodel */,
			);
			currentVersion = 93C529802D3D8EEF00653EF6 /* Model.xcdatamodel */;
			path = Model.xcdatamodeld;
			sourceTree = "<group>";
			versionGroupType = wrapper.xcdatamodel;
		};
/* End XCVersionGroup section */
	};
	rootObject = 93F0C4092C2DF258009907D0 /* Project object */;
}
